data:
  cmd: python -m spacy run data
  script:
    - python ./scripts/inception_spacy_converter.py raw_training_data/TypeSystem.xml
      raw_training_data/k8s200v2.xmi data/train.spacy data/dev.spacy data/test.spacy
  deps:
    - path: raw_training_data/k8s200v2.xmi
      md5: fd11747f7543226e74a04947745fd490
    - path: raw_training_data/TypeSystem.xml
      md5: 8bf51f3fd51c75a96f4296f0afaa890d
  outs:
    - path: data/train.spacy
      md5: f49697a6559e188697a5e1a59d0b7219
    - path: data/dev.spacy
      md5: 405a34d6d59e4d704f2d649aa1641d1e
    - path: data/test.spacy
      md5: 0adf9425fcb1b1ea5ee87dd88937e050
  spacy_version: 3.2.4
  spacy_git_version: b50fe5ec6
